
Microsoft Visual Studio Solution File, Format Version 12.00
# Visual Studio 2013
VisualStudioVersion = 12.0.31101.0
MinimumVisualStudioVersion = 10.0.40219.1
Project("{FAE04EC0-301F-11D3-BF4B-00C04F79EFBC}") = "WCFServices", "WCFServices\WCFServices.csproj", "{246C5C0B-0CFC-4A41-8609-FC806292A6CF}"
EndProject
Project("{FAE04EC0-301F-11D3-BF4B-00C04F79EFBC}") = "WCFServicesTest", "WCFServicesTest\WCFServicesTest.csproj", "{5C1F6436-B632-49E7-B54F-7F31DD5AC9D2}"
	ProjectSection(ProjectDependencies) = postProject
		{246C5C0B-0CFC-4A41-8609-FC806292A6CF} = {246C5C0B-0CFC-4A41-8609-FC806292A6CF}
	EndProjectSection
EndProject
Global
	GlobalSection(SolutionConfigurationPlatforms) = preSolution
		Debug|Any CPU = Debug|Any CPU
		Release|Any CPU = Release|Any CPU
	EndGlobalSection
	GlobalSection(ProjectConfigurationPlatforms) = postSolution
		{246C5C0B-0CFC-4A41-8609-FC806292A6CF}.Debug|Any CPU.ActiveCfg = Debug|Any CPU
		{246C5C0B-0CFC-4A41-8609-FC806292A6CF}.Debug|Any CPU.Build.0 = Debug|Any CPU
		{246C5C0B-0CFC-4A41-8609-FC806292A6CF}.Release|Any CPU.ActiveCfg = Release|Any CPU
		{246C5C0B-0CFC-4A41-8609-FC806292A6CF}.Release|Any CPU.Build.0 = Release|Any CPU
		{5C1F6436-B632-49E7-B54F-7F31DD5AC9D2}.Debug|Any CPU.ActiveCfg = Debug|Any CPU
		{5C1F6436-B632-49E7-B54F-7F31DD5AC9D2}.Debug|Any CPU.Build.0 = Debug|Any CPU
		{5C1F6436-B632-49E7-B54F-7F31DD5AC9D2}.Release|Any CPU.ActiveCfg = Release|Any CPU
		{5C1F6436-B632-49E7-B54F-7F31DD5AC9D2}.Release|Any CPU.Build.0 = Release|Any CPU
	EndGlobalSection
	GlobalSection(SolutionProperties) = preSolution
		HideSolutionNode = FALSE
	EndGlobalSection
EndGlobal
